
Microsoft Visual Studio Solution File, Format Version 12.00
# Visual Studio Version 17
VisualStudioVersion = 17.6.33829.357
MinimumVisualStudioVersion = 10.0.40219.1
Project("{FAE04EC0-301F-11D3-BF4B-00C04F79EFBC}") = "IReturnNodePointerProject", "IReturnNodePointerProject\IReturnNodePointerProject.csproj", "{31DD8280-D028-4135-8D88-DF2DAB8C0EBC}"
EndProject
Global
	GlobalSection(SolutionConfigurationPlatforms) = preSolution
		Debug|Any CPU = Debug|Any CPU
		Release|Any CPU = Release|Any CPU
	EndGlobalSection
	GlobalSection(ProjectConfigurationPlatforms) = postSolution
		{31DD8280-D028-4135-8D88-DF2DAB8C0EBC}.Debug|Any CPU.ActiveCfg = Debug|Any CPU
		{31DD8280-D028-4135-8D88-DF2DAB8C0EBC}.Debug|Any CPU.Build.0 = Debug|Any CPU
		{31DD8280-D028-4135-8D88-DF2DAB8C0EBC}.Release|Any CPU.ActiveCfg = Release|Any CPU
		{31DD8280-D028-4135-8D88-DF2DAB8C0EBC}.Release|Any CPU.Build.0 = Release|Any CPU
	EndGlobalSection
	GlobalSection(SolutionProperties) = preSolution
		HideSolutionNode = FALSE
	EndGlobalSection
	GlobalSection(ExtensibilityGlobals) = postSolution
		SolutionGuid = {C88EA5DE-A52B-4FFD-9A64-DAE824DC3401}
	EndGlobalSection
EndGlobal
